
Microsoft Visual Studio Solution File, Format Version 12.00
Project("{FAE04EC0-301F-11D3-BF4B-00C04F79EFBC}") = "McIntoshHotshots", "McIntoshHotshots\McIntoshHotshots.csproj", "{944CAE70-3E79-47F8-AB05-3B490C02DEA8}"
EndProject
Project("{2150E333-8FDC-42A3-9474-1A3956D46DE8}") = "Solution Items", "Solution Items", "{6D312DA5-6373-423A-8993-7F816EDB3690}"
	ProjectSection(SolutionItems) = preProject
		compose.yaml = compose.yaml
	EndProjectSection
EndProject
Global
	GlobalSection(SolutionConfigurationPlatforms) = preSolution
		Debug|Any CPU = Debug|Any CPU
		Release|Any CPU = Release|Any CPU
	EndGlobalSection
	GlobalSection(ProjectConfigurationPlatforms) = postSolution
		{944CAE70-3E79-47F8-AB05-3B490C02DEA8}.Debug|Any CPU.ActiveCfg = Debug|Any CPU
		{944CAE70-3E79-47F8-AB05-3B490C02DEA8}.Debug|Any CPU.Build.0 = Debug|Any CPU
		{944CAE70-3E79-47F8-AB05-3B490C02DEA8}.Release|Any CPU.ActiveCfg = Release|Any CPU
		{944CAE70-3E79-47F8-AB05-3B490C02DEA8}.Release|Any CPU.Build.0 = Release|Any CPU
	EndGlobalSection
EndGlobal
